
Microsoft Visual Studio Solution File, Format Version 12.00
# Visual Studio 15
VisualStudioVersion = 15.0.27703.2026
MinimumVisualStudioVersion = 10.0.40219.1
Project("{FAE04EC0-301F-11D3-BF4B-00C04F79EFBC}") = "MVCDemo", "MVCDemo\MVCDemo.csproj", "{B7FAE26D-5815-4728-837A-EF091CF040D9}"
EndProject
Global
	GlobalSection(SolutionConfigurationPlatforms) = preSolution
		Debug|Any CPU = Debug|Any CPU
		Release|Any CPU = Release|Any CPU
	EndGlobalSection
	GlobalSection(ProjectConfigurationPlatforms) = postSolution
		{B7FAE26D-5815-4728-837A-EF091CF040D9}.Debug|Any CPU.ActiveCfg = Debug|Any CPU
		{B7FAE26D-5815-4728-837A-EF091CF040D9}.Debug|Any CPU.Build.0 = Debug|Any CPU
		{B7FAE26D-5815-4728-837A-EF091CF040D9}.Release|Any CPU.ActiveCfg = Release|Any CPU
		{B7FAE26D-5815-4728-837A-EF091CF040D9}.Release|Any CPU.Build.0 = Release|Any CPU
	EndGlobalSection
	GlobalSection(SolutionProperties) = preSolution
		HideSolutionNode = FALSE
	EndGlobalSection
	GlobalSection(ExtensibilityGlobals) = postSolution
		SolutionGuid = {39D1542B-DE27-4864-AA80-74773FE4EEA7}
	EndGlobalSection
EndGlobal
